  GNU nano 8.6         package-lock.json
{
  "name": "auto-deleted-whatsapp",
  "version": "1.0.0",
  "lockfileVersion": 3,
  "requires": true,
  "packages": {
    "": {
      "name": "auto-deleted-whatsapp",
      "version": "1.0.0",
      "license": "ISC",                                           "dependencies": {
        "@hapi/boom": "^10.0.0",
        "@naanzitos/baileys-make-in-memory-store": "^1.0.5",
        "@whiskeysockets/baileys": "^6.7.7",
        "pino": "^9.11.0",
        "qrcode-terminal": "^0.12.0"
      }
    },                                                          "node_modules/@adiwajshing/keyed-db": {
      "version": "0.2.4",                                         "resolved": "https://registry.npmjs.org/@adiwajshing/>      "integrity": "sha512-yprSnAtj80/VKuDqRcFFLDYltoNV8tCh>
      "license": "MIT",
      "peer": true
    },
    "node_modules/@borewit/text-codec": {
      "version": "0.2.0",
      "resolved": "https://registry.npmjs.org/@borewit/text>
      "integrity": "sha512-X999CKBxGwX8wW+4gFibsbiNdwqmdQEX>
      "license": "MIT",
      "funding": {
        "type": "github",
        "url": "https://github.com/sponsors/Borewit"
      }
    },
    "node_modules/@cacheable/memoize": {
      "version": "2.0.2",
      "resolved": "https://registry.npmjs.org/@cacheable/me>
      "integrity": "sha512-wPrr7FUiq3Qt4yQyda2/NcOLTJCFcQSU>
      "license": "MIT",
      "dependencies": {
        "@cacheable/utils": "^2.0.2"
      }
    },
    "node_modules/@cacheable/memory": {
      "version": "2.0.2",
      "resolved": "https://registry.npmjs.org/@cacheable/me>
      "integrity": "sha512-sJTITLfeCI1rg7P3ssaGmQryq235EGT8>
      "license": "MIT",
      "dependencies": {
        "@cacheable/memoize": "^2.0.1",
        "@cacheable/utils": "^2.0.2",
        "@keyv/bigmap": "^1.0.2",
        "hookified": "^1.12.1",
        "keyv": "^5.5.2"
      }
    },
